
Microsoft Visual Studio Solution File, Format Version 12.00
# Visual Studio Version 16
VisualStudioVersion = 16.0.31005.135
MinimumVisualStudioVersion = 10.0.40219.1
Project("{9A19103F-16F7-4668-BE54-9A1E7A4F7556}") = "Lesson-001", "Lesson-001\Lesson-001.csproj", "{AD418947-1661-4737-AC3E-48E9D559767F}"
EndProject
Project("{9A19103F-16F7-4668-BE54-9A1E7A4F7556}") = "Lesson-002", "Lesson-002\Lesson-002.csproj", "{3AF3A7D2-6679-4824-A55D-BCB7C13ECD78}"
EndProject
Project("{9A19103F-16F7-4668-BE54-9A1E7A4F7556}") = "Lesson-003", "Lesson-003\Lesson-003.csproj", "{DCEE8FF5-B744-4BAD-AC5A-FB62671833CC}"
EndProject
Project("{9A19103F-16F7-4668-BE54-9A1E7A4F7556}") = "Lesson-004", "Lesson-004\Lesson-004.csproj", "{0B30B931-0739-47FA-B056-132ED330C88B}"
EndProject
Project("{FAE04EC0-301F-11D3-BF4B-00C04F79EFBC}") = "Lesson-005", "Lesson-005\Lesson-005.csproj", "{CC2988C6-75E2-40CE-8063-32C1FC9CEA2E}"
EndProject
Global
	GlobalSection(SolutionConfigurationPlatforms) = preSolution
		Debug|Any CPU = Debug|Any CPU
		Release|Any CPU = Release|Any CPU
	EndGlobalSection
	GlobalSection(ProjectConfigurationPlatforms) = postSolution
		{AD418947-1661-4737-AC3E-48E9D559767F}.Debug|Any CPU.ActiveCfg = Debug|Any CPU
		{AD418947-1661-4737-AC3E-48E9D559767F}.Debug|Any CPU.Build.0 = Debug|Any CPU
		{AD418947-1661-4737-AC3E-48E9D559767F}.Release|Any CPU.ActiveCfg = Release|Any CPU
		{AD418947-1661-4737-AC3E-48E9D559767F}.Release|Any CPU.Build.0 = Release|Any CPU
		{3AF3A7D2-6679-4824-A55D-BCB7C13ECD78}.Debug|Any CPU.ActiveCfg = Debug|Any CPU
		{3AF3A7D2-6679-4824-A55D-BCB7C13ECD78}.Debug|Any CPU.Build.0 = Debug|Any CPU
		{3AF3A7D2-6679-4824-A55D-BCB7C13ECD78}.Release|Any CPU.ActiveCfg = Release|Any CPU
		{3AF3A7D2-6679-4824-A55D-BCB7C13ECD78}.Release|Any CPU.Build.0 = Release|Any CPU
		{DCEE8FF5-B744-4BAD-AC5A-FB62671833CC}.Debug|Any CPU.ActiveCfg = Debug|Any CPU
		{DCEE8FF5-B744-4BAD-AC5A-FB62671833CC}.Debug|Any CPU.Build.0 = Debug|Any CPU
		{DCEE8FF5-B744-4BAD-AC5A-FB62671833CC}.Release|Any CPU.ActiveCfg = Release|Any CPU
		{DCEE8FF5-B744-4BAD-AC5A-FB62671833CC}.Release|Any CPU.Build.0 = Release|Any CPU
		{0B30B931-0739-47FA-B056-132ED330C88B}.Debug|Any CPU.ActiveCfg = Debug|Any CPU
		{0B30B931-0739-47FA-B056-132ED330C88B}.Debug|Any CPU.Build.0 = Debug|Any CPU
		{0B30B931-0739-47FA-B056-132ED330C88B}.Release|Any CPU.ActiveCfg = Release|Any CPU
		{0B30B931-0739-47FA-B056-132ED330C88B}.Release|Any CPU.Build.0 = Release|Any CPU
		{CC2988C6-75E2-40CE-8063-32C1FC9CEA2E}.Debug|Any CPU.ActiveCfg = Debug|Any CPU
		{CC2988C6-75E2-40CE-8063-32C1FC9CEA2E}.Debug|Any CPU.Build.0 = Debug|Any CPU
		{CC2988C6-75E2-40CE-8063-32C1FC9CEA2E}.Release|Any CPU.ActiveCfg = Release|Any CPU
		{CC2988C6-75E2-40CE-8063-32C1FC9CEA2E}.Release|Any CPU.Build.0 = Release|Any CPU
	EndGlobalSection
	GlobalSection(SolutionProperties) = preSolution
		HideSolutionNode = FALSE
	EndGlobalSection
	GlobalSection(ExtensibilityGlobals) = postSolution
		SolutionGuid = {FC08653F-F56E-4029-BAD2-5B06684D4191}
	EndGlobalSection
EndGlobal
